PODS:
  - Flutter (1.0.0)
  - flutter_beacon_fence (1.0.0):
    - Flutter
  - flutter_local_notifications (0.0.1):
    - Flutter
  - permission_handler_apple (9.3.0):
    - Flutter

DEPENDENCIES:
  - Flutter (from `Flutter`)
  - flutter_beacon_fence (from `.symlinks/plugins/flutter_beacon_fence/ios`)
  - flutter_local_notifications (from `.symlinks/plugins/flutter_local_notifications/ios`)
  - permission_handler_apple (from `.symlinks/plugins/permission_handler_apple/ios`)

EXTERNAL SOURCES:
  Flutter:
    :path: Flutter
  flutter_beacon_fence:
    :path: ".symlinks/plugins/flutter_beacon_fence/ios"
  flutter_local_notifications:
    :path: ".symlinks/plugins/flutter_local_notifications/ios"
  permission_handler_apple:
    :path: ".symlinks/plugins/permission_handler_apple/ios"

SPEC CHECKSUMS:
  Flutter: 71a624a5bc0c04062bf19101d501e466baf2fb47
  flutter_beacon_fence: 0b3cb4d919aff238ebad9cc761f184f9418163b8
  flutter_local_notifications: a5a732f069baa862e728d839dd2ebb904737effb
  permission_handler_apple: 4ed2196e43d0651e8ff7ca3483a069d469701f2d

PODFILE CHECKSUM: 162e130b491cdaaae59fa90870b66c1476d419f1

COCOAPODS: 1.16.2
